// !$*UTF8*$!
{
	archiveVersion = 1;
	classes = {
	};
	objectVersion = 50;
	objects = {

/* Begin PBXBuildFile section */
		FF19EE6827574ECE0073E414 /* swapNode.cpp in Sources */ = {isa = PBXBuildFile; fileRef = FF19EE6727574ECE0073E414 /* swapNode.cpp */; };
		FF75B10026010A8900ED4DF2 /* mergeSortedList.cpp in Sources */ = {isa = PBXBuildFile; fileRef = FF75B0FF26010A8900ED4DF2 /* mergeSortedList.cpp */; };
		FF9663C0262157A40018CC17 /* SortList.cpp in Sources */ = {isa = PBXBuildFile; fileRef = FF9663BF262157A40018CC17 /* SortList.cpp */; };
		FFAA9E1B263BB0C300FD1B3A /* removeListNode.cpp in Sources */ = {isa = PBXBuildFile; fileRef = FFAA9E1A263BB0C300FD1B3A /* removeListNode.cpp */; };
		FFBC2DAE25A709E600DEA489 /* main.cpp in Sources */ = {isa = PBXBuildFile; fileRef = FFBC2DAD25A709E600DEA489 /* main.cpp */; };
		FFBC2DC125A7327000DEA489 /* LinkList.cpp in Sources */ = {isa = PBXBuildFile; fileRef = FFBC2DC025A7327000DEA489 /* LinkList.cpp */; };
		FFBC2DC725A7370800DEA489 /* reverseBetween.cpp in Sources */ = {isa = PBXBuildFile; fileRef = FFBC2DC625A7370800DEA489 /* reverseBetween.cpp */; };
		FFCFD0922602202D0039950D /* addTwoListNumber.cpp in Sources */ = {isa = PBXBuildFile; fileRef = FFCFD0912602202D0039950D /* addTwoListNumber.cpp */; };
/* End PBXBuildFile section */

/* Begin PBXCopyFilesBuildPhase section */
		FFBC2DA825A709E600DEA489 /* CopyFiles */ = {
			isa = PBXCopyFilesBuildPhase;
			buildActionMask = 2147483647;
			dstPath = /usr/share/man/man1/;
			dstSubfolderSpec = 0;
			files = (
			);
			runOnlyForDeploymentPostprocessing = 1;
		};
/* End PBXCopyFilesBuildPhase section */

/* Begin PBXFileReference section */
		FF19EE6627574ECE0073E414 /* swapNode.h */ = {isa = PBXFileReference; lastKnownFileType = sourcecode.c.h; path = swapNode.h; sourceTree = "<group>"; };
		FF19EE6727574ECE0073E414 /* swapNode.cpp */ = {isa = PBXFileReference; lastKnownFileType = sourcecode.cpp.cpp; path = swapNode.cpp; sourceTree = "<group>"; };
		FF75B0FE26010A8900ED4DF2 /* mergeSortedList.h */ = {isa = PBXFileReference; lastKnownFileType = sourcecode.c.h; path = mergeSortedList.h; sourceTree = "<group>"; };
		FF75B0FF26010A8900ED4DF2 /* mergeSortedList.cpp */ = {isa = PBXFileReference; lastKnownFileType = sourcecode.cpp.cpp; path = mergeSortedList.cpp; sourceTree = "<group>"; };
		FF9663BE262157A40018CC17 /* SortList.h */ = {isa = PBXFileReference; lastKnownFileType = sourcecode.c.h; path = SortList.h; sourceTree = "<group>"; };
		FF9663BF262157A40018CC17 /* SortList.cpp */ = {isa = PBXFileReference; lastKnownFileType = sourcecode.cpp.cpp; path = SortList.cpp; sourceTree = "<group>"; };
		FFAA9E19263BB0C300FD1B3A /* removeListNode.h */ = {isa = PBXFileReference; lastKnownFileType = sourcecode.c.h; path = removeListNode.h; sourceTree = "<group>"; };
		FFAA9E1A263BB0C300FD1B3A /* removeListNode.cpp */ = {isa = PBXFileReference; lastKnownFileType = sourcecode.cpp.cpp; path = removeListNode.cpp; sourceTree = "<group>"; };
		FFBC2DAA25A709E600DEA489 /* LinkList */ = {isa = PBXFileReference; explicitFileType = "compiled.mach-o.executable"; includeInIndex = 0; path = LinkList; sourceTree = BUILT_PRODUCTS_DIR; };
		FFBC2DAD25A709E600DEA489 /* main.cpp */ = {isa = PBXFileReference; lastKnownFileType = sourcecode.cpp.cpp; path = main.cpp; sourceTree = "<group>"; };
		FFBC2DBF25A7327000DEA489 /* LinkList.h */ = {isa = PBXFileReference; lastKnownFileType = sourcecode.c.h; path = LinkList.h; sourceTree = "<group>"; };
		FFBC2DC025A7327000DEA489 /* LinkList.cpp */ = {isa = PBXFileReference; lastKnownFileType = sourcecode.cpp.cpp; path = LinkList.cpp; sourceTree = "<group>"; };
		FFBC2DC525A7370800DEA489 /* reverseBetween.h */ = {isa = PBXFileReference; lastKnownFileType = sourcecode.c.h; path = reverseBetween.h; sourceTree = "<group>"; };
		FFBC2DC625A7370800DEA489 /* reverseBetween.cpp */ = {isa = PBXFileReference; lastKnownFileType = sourcecode.cpp.cpp; path = reverseBetween.cpp; sourceTree = "<group>"; };
		FFCFD0902602202D0039950D /* addTwoListNumber.h */ = {isa = PBXFileReference; lastKnownFileType = sourcecode.c.h; path = addTwoListNumber.h; sourceTree = "<group>"; };
		FFCFD0912602202D0039950D /* addTwoListNumber.cpp */ = {isa = PBXFileReference; lastKnownFileType = sourcecode.cpp.cpp; path = addTwoListNumber.cpp; sourceTree = "<group>"; };
/* End PBXFileReference section */

/* Begin PBXFrameworksBuildPhase section */
		FFBC2DA725A709E600DEA489 /* Frameworks */ = {
			isa = PBXFrameworksBuildPhase;
			buildActionMask = 2147483647;
			files = (
			);
			runOnlyForDeploymentPostprocessing = 0;
		};
/* End PBXFrameworksBuildPhase section */

/* Begin PBXGroup section */
		FFBC2DA125A709E600DEA489 = {
			isa = PBXGroup;
			children = (
				FFBC2DAC25A709E600DEA489 /* LinkList */,
				FFBC2DAB25A709E600DEA489 /* Products */,
			);
			sourceTree = "<group>";
		};
		FFBC2DAB25A709E600DEA489 /* Products */ = {
			isa = PBXGroup;
			children = (
				FFBC2DAA25A709E600DEA489 /* LinkList */,
			);
			name = Products;
			sourceTree = "<group>";
		};
		FFBC2DAC25A709E600DEA489 /* LinkList */ = {
			isa = PBXGroup;
			children = (
				FFBC2DAD25A709E600DEA489 /* main.cpp */,
				FFBC2DBF25A7327000DEA489 /* LinkList.h */,
				FFBC2DC025A7327000DEA489 /* LinkList.cpp */,
				FFBC2DC525A7370800DEA489 /* reverseBetween.h */,
				FFBC2DC625A7370800DEA489 /* reverseBetween.cpp */,
				FF75B0FE26010A8900ED4DF2 /* mergeSortedList.h */,
				FF75B0FF26010A8900ED4DF2 /* mergeSortedList.cpp */,
				FFCFD0902602202D0039950D /* addTwoListNumber.h */,
				FFCFD0912602202D0039950D /* addTwoListNumber.cpp */,
				FF9663BE262157A40018CC17 /* SortList.h */,
				FF9663BF262157A40018CC17 /* SortList.cpp */,
				FFAA9E19263BB0C300FD1B3A /* removeListNode.h */,
				FFAA9E1A263BB0C300FD1B3A /* removeListNode.cpp */,
				FF19EE6627574ECE0073E414 /* swapNode.h */,
				FF19EE6727574ECE0073E414 /* swapNode.cpp */,
			);
			path = LinkList;
			sourceTree = "<group>";
		};
/* End PBXGroup section */

/* Begin PBXNativeTarget section */
		FFBC2DA925A709E600DEA489 /* LinkList */ = {
			isa = PBXNativeTarget;
			buildConfigurationList = FFBC2DB125A709E600DEA489 /* Build configuration list for PBXNativeTarget "LinkList" */;
			buildPhases = (
				FFBC2DA625A709E600DEA489 /* Sources */,
				FFBC2DA725A709E600DEA489 /* Frameworks */,
				FFBC2DA825A709E600DEA489 /* CopyFiles */,
			);
			buildRules = (
			);
			dependencies = (
			);
			name = LinkList;
			productName = LinkList;
			productReference = FFBC2DAA25A709E600DEA489 /* LinkList */;
			productType = "com.apple.product-type.tool";
		};
/* End PBXNativeTarget section */

/* Begin PBXProject section */
		FFBC2DA225A709E600DEA489 /* Project object */ = {
			isa = PBXProject;
			attributes = {
				LastUpgradeCheck = 1230;
				TargetAttributes = {
					FFBC2DA925A709E600DEA489 = {
						CreatedOnToolsVersion = 12.3;
					};
				};
			};
			buildConfigurationList = FFBC2DA525A709E600DEA489 /* Build configuration list for PBXProject "LinkList" */;
			compatibilityVersion = "Xcode 9.3";
			developmentRegion = en;
			hasScannedForEncodings = 0;
			knownRegions = (
				en,
				Base,
			);
			mainGroup = FFBC2DA125A709E600DEA489;
			productRefGroup = FFBC2DAB25A709E600DEA489 /* Products */;
			projectDirPath = "";
			projectRoot = "";
			targets = (
				FFBC2DA925A709E600DEA489 /* LinkList */,
			);
		};
/* End PBXProject section */

/* Begin PBXSourcesBuildPhase section */
		FFBC2DA625A709E600DEA489 /* Sources */ = {
			isa = PBXSourcesBuildPhase;
			buildActionMask = 2147483647;
			files = (
				FFBC2DAE25A709E600DEA489 /* main.cpp in Sources */,
				FF75B10026010A8900ED4DF2 /* mergeSortedList.cpp in Sources */,
				FFBC2DC125A7327000DEA489 /* LinkList.cpp in Sources */,
				FFCFD0922602202D0039950D /* addTwoListNumber.cpp in Sources */,
				FFBC2DC725A7370800DEA489 /* reverseBetween.cpp in Sources */,
				FFAA9E1B263BB0C300FD1B3A /* removeListNode.cpp in Sources */,
				FF19EE6827574ECE0073E414 /* swapNode.cpp in Sources */,
				FF9663C0262157A40018CC17 /* SortList.cpp in Sources */,
			);
			runOnlyForDeploymentPostprocessing = 0;
		};
/* End PBXSourcesBuildPhase section */

/* Begin XCBuildConfiguration section */
		FFBC2DAF25A709E600DEA489 /* Debug */ = {
			isa = XCBuildConfiguration;
			buildSettings = {
				ALWAYS_SEARCH_USER_PATHS = NO;
				CLANG_ANALYZER_NONNULL = YES;
				CLANG_ANALYZER_NUMBER_OBJECT_CONVERSION = YES_AGGRESSIVE;
				CLANG_CXX_LANGUAGE_STANDARD = "gnu++14";
				CLANG_CXX_LIBRARY = "libc++";
				CLANG_ENABLE_MODULES = YES;
				CLANG_ENABLE_OBJC_ARC = YES;
				CLANG_ENABLE_OBJC_WEAK = YES;
				CLANG_WARN_BLOCK_CAPTURE_AUTORELEASING = YES;
				CLANG_WARN_BOOL_CONVERSION = YES;
				CLANG_WARN_COMMA = YES;
				CLANG_WARN_CONSTANT_CONVERSION = YES;
				CLANG_WARN_DEPRECATED_OBJC_IMPLEMENTATIONS = YES;
				CLANG_WARN_DIRECT_OBJC_ISA_USAGE = YES_ERROR;
				CLANG_WARN_DOCUMENTATION_COMMENTS = YES;
				CLANG_WARN_EMPTY_BODY = YES;
				CLANG_WARN_ENUM_CONVERSION = YES;
				CLANG_WARN_INFINITE_RECURSION = YES;
				CLANG_WARN_INT_CONVERSION = YES;
				CLANG_WARN_NON_LITERAL_NULL_CONVERSION = YES;
				CLANG_WARN_OBJC_IMPLICIT_RETAIN_SELF = YES;
				CLANG_WARN_OBJC_LITERAL_CONVERSION = YES;
				CLANG_WARN_OBJC_ROOT_CLASS = YES_ERROR;
				CLANG_WARN_QUOTED_INCLUDE_IN_FRAMEWORK_HEADER = YES;
				CLANG_WARN_RANGE_LOOP_ANALYSIS = YES;
				CLANG_WARN_STRICT_PROTOTYPES = YES;
				CLANG_WARN_SUSPICIOUS_MOVE = YES;
				CLANG_WARN_UNGUARDED_AVAILABILITY = YES_AGGRESSIVE;
				CLANG_WARN_UNREACHABLE_CODE = YES;
				CLANG_WARN__DUPLICATE_METHOD_MATCH = YES;
				COPY_PHASE_STRIP = NO;
				DEBUG_INFORMATION_FORMAT = dwarf;
				ENABLE_STRICT_OBJC_MSGSEND = YES;
				ENABLE_TESTABILITY = YES;
				GCC_C_LANGUAGE_STANDARD = gnu11;
				GCC_DYNAMIC_NO_PIC = NO;
				GCC_NO_COMMON_BLOCKS = YES;
				GCC_OPTIMIZATION_LEVEL = 0;
				GCC_PREPROCESSOR_DEFINITIONS = (
					"DEBUG=1",
					"$(inherited)",
				);
				GCC_WARN_64_TO_32_BIT_CONVERSION = YES;
				GCC_WARN_ABOUT_RETURN_TYPE = YES_ERROR;
				GCC_WARN_UNDECLARED_SELECTOR = YES;
				GCC_WARN_UNINITIALIZED_AUTOS = YES_AGGRESSIVE;
				GCC_WARN_UNUSED_FUNCTION = YES;
				GCC_WARN_UNUSED_VARIABLE = YES;
				MACOSX_DEPLOYMENT_TARGET = 10.15;
				MTL_ENABLE_DEBUG_INFO = INCLUDE_SOURCE;
				MTL_FAST_MATH = YES;
				ONLY_ACTIVE_ARCH = YES;
				SDKROOT = macosx;
			};
			name = Debug;
		};
		FFBC2DB025A709E600DEA489 /* Release */ = {
			isa = XCBuildConfiguration;
			buildSettings = {
				ALWAYS_SEARCH_USER_PATHS = NO;
				CLANG_ANALYZER_NONNULL = YES;
				CLANG_ANALYZER_NUMBER_OBJECT_CONVERSION = YES_AGGRESSIVE;
				CLANG_CXX_LANGUAGE_STANDARD = "gnu++14";
				CLANG_CXX_LIBRARY = "libc++";
				CLANG_ENABLE_MODULES = YES;
				CLANG_ENABLE_OBJC_ARC = YES;
				CLANG_ENABLE_OBJC_WEAK = YES;
				CLANG_WARN_BLOCK_CAPTURE_AUTORELEASING = YES;
				CLANG_WARN_BOOL_CONVERSION = YES;
				CLANG_WARN_COMMA = YES;
				CLANG_WARN_CONSTANT_CONVERSION = YES;
				CLANG_WARN_DEPRECATED_OBJC_IMPLEMENTATIONS = YES;
				CLANG_WARN_DIRECT_OBJC_ISA_USAGE = YES_ERROR;
				CLANG_WARN_DOCUMENTATION_COMMENTS = YES;
				CLANG_WARN_EMPTY_BODY = YES;
				CLANG_WARN_ENUM_CONVERSION = YES;
				CLANG_WARN_INFINITE_RECURSION = YES;
				CLANG_WARN_INT_CONVERSION = YES;
				CLANG_WARN_NON_LITERAL_NULL_CONVERSION = YES;
				CLANG_WARN_OBJC_IMPLICIT_RETAIN_SELF = YES;
				CLANG_WARN_OBJC_LITERAL_CONVERSION = YES;
				CLANG_WARN_OBJC_ROOT_CLASS = YES_ERROR;
				CLANG_WARN_QUOTED_INCLUDE_IN_FRAMEWORK_HEADER = YES;
				CLANG_WARN_RANGE_LOOP_ANALYSIS = YES;
				CLANG_WARN_STRICT_PROTOTYPES = YES;
				CLANG_WARN_SUSPICIOUS_MOVE = YES;
				CLANG_WARN_UNGUARDED_AVAILABILITY = YES_AGGRESSIVE;
				CLANG_WARN_UNREACHABLE_CODE = YES;
				CLANG_WARN__DUPLICATE_METHOD_MATCH = YES;
				COPY_PHASE_STRIP = NO;
				DEBUG_INFORMATION_FORMAT = "dwarf-with-dsym";
				ENABLE_NS_ASSERTIONS = NO;
				ENABLE_STRICT_OBJC_MSGSEND = YES;
				GCC_C_LANGUAGE_STANDARD = gnu11;
				GCC_NO_COMMON_BLOCKS = YES;
				GCC_WARN_64_TO_32_BIT_CONVERSION = YES;
				GCC_WARN_ABOUT_RETURN_TYPE = YES_ERROR;
				GCC_WARN_UNDECLARED_SELECTOR = YES;
				GCC_WARN_UNINITIALIZED_AUTOS = YES_AGGRESSIVE;
				GCC_WARN_UNUSED_FUNCTION = YES;
				GCC_WARN_UNUSED_VARIABLE = YES;
				MACOSX_DEPLOYMENT_TARGET = 10.15;
				MTL_ENABLE_DEBUG_INFO = NO;
				MTL_FAST_MATH = YES;
				SDKROOT = macosx;
			};
			name = Release;
		};
		FFBC2DB225A709E600DEA489 /* Debug */ = {
			isa = XCBuildConfiguration;
			buildSettings = {
				CODE_SIGN_STYLE = Automatic;
				DEVELOPMENT_TEAM = UAR37FAKPK;
				ENABLE_HARDENED_RUNTIME = YES;
				PRODUCT_NAME = "$(TARGET_NAME)";
			};
			name = Debug;
		};
		FFBC2DB325A709E600DEA489 /* Release */ = {
			isa = XCBuildConfiguration;
			buildSettings = {
				CODE_SIGN_STYLE = Automatic;
				DEVELOPMENT_TEAM = UAR37FAKPK;
				ENABLE_HARDENED_RUNTIME = YES;
				PRODUCT_NAME = "$(TARGET_NAME)";
			};
			name = Release;
		};
/* End XCBuildConfiguration section */

/* Begin XCConfigurationList section */
		FFBC2DA525A709E600DEA489 /* Build configuration list for PBXProject "LinkList" */ = {
			isa = XCConfigurationList;
			buildConfigurations = (
				FFBC2DAF25A709E600DEA489 /* Debug */,
				FFBC2DB025A709E600DEA489 /* Release */,
			);
			defaultConfigurationIsVisible = 0;
			defaultConfigurationName = Release;
		};
		FFBC2DB125A709E600DEA489 /* Build configuration list for PBXNativeTarget "LinkList" */ = {
			isa = XCConfigurationList;
			buildConfigurations = (
				FFBC2DB225A709E600DEA489 /* Debug */,
				FFBC2DB325A709E600DEA489 /* Release */,
			);
			defaultConfigurationIsVisible = 0;
			defaultConfigurationName = Release;
		};
/* End XCConfigurationList section */
	};
	rootObject = FFBC2DA225A709E600DEA489 /* Project object */;
}
